// !$*UTF8*$!
{
	archiveVersion = 1;
	classes = {
	};
	objectVersion = 50;
	objects = {

/* Begin PBXBuildFile section */
		1F03A44826179697005CB48C /* AgencyHelper.swift in Sources */ = {isa = PBXBuildFile; fileRef = 1F03A44726179697005CB48C /* AgencyHelper.swift */; };
		1F03A45026179D85005CB48C /* AgencyDetailAPIResponse.swift in Sources */ = {isa = PBXBuildFile; fileRef = 1F03A44F26179D85005CB48C /* AgencyDetailAPIResponse.swift */; };
		1F2B21292614B6F2001A940D /* UpcomingLaunchesCollectionViewController.swift in Sources */ = {isa = PBXBuildFile; fileRef = 1F2B21282614B6F2001A940D /* UpcomingLaunchesCollectionViewController.swift */; };
		1F2B21342614B9AF001A940D /* UpcomingLaunchCell.swift in Sources */ = {isa = PBXBuildFile; fileRef = 1F2B21332614B9AF001A940D /* UpcomingLaunchCell.swift */; };
		1F2B21442614C5E1001A940D /* LaunchHelper.swift in Sources */ = {isa = PBXBuildFile; fileRef = 1F2B21432614C5E1001A940D /* LaunchHelper.swift */; };
		1F2B21542614EBA9001A940D /* LaunchDateTime.swift in Sources */ = {isa = PBXBuildFile; fileRef = 1F2B21532614EBA9001A940D /* LaunchDateTime.swift */; };
		1F360378261B1A7600099E02 /* Colours.swift in Sources */ = {isa = PBXBuildFile; fileRef = 1F360377261B1A7600099E02 /* Colours.swift */; };
		1F4F41D426147B97000B9CD9 /* DataController.swift in Sources */ = {isa = PBXBuildFile; fileRef = 1F4F41D326147B97000B9CD9 /* DataController.swift */; };
		1F581FD826138584004AA80B /* AppDelegate.swift in Sources */ = {isa = PBXBuildFile; fileRef = 1F581FD726138584004AA80B /* AppDelegate.swift */; };
		1F581FDA26138584004AA80B /* SceneDelegate.swift in Sources */ = {isa = PBXBuildFile; fileRef = 1F581FD926138584004AA80B /* SceneDelegate.swift */; };
		1F581FDF26138584004AA80B /* Main.storyboard in Resources */ = {isa = PBXBuildFile; fileRef = 1F581FDD26138584004AA80B /* Main.storyboard */; };
		1F581FE226138584004AA80B /* DepartingEarthDataModel.xcdatamodeld in Sources */ = {isa = PBXBuildFile; fileRef = 1F581FE026138584004AA80B /* DepartingEarthDataModel.xcdatamodeld */; };
		1F581FE426138585004AA80B /* Assets.xcassets in Resources */ = {isa = PBXBuildFile; fileRef = 1F581FE326138585004AA80B /* Assets.xcassets */; };
		1F581FE726138585004AA80B /* LaunchScreen.storyboard in Resources */ = {isa = PBXBuildFile; fileRef = 1F581FE526138585004AA80B /* LaunchScreen.storyboard */; };
		1F581FF226138585004AA80B /* Departing_EarthTests.swift in Sources */ = {isa = PBXBuildFile; fileRef = 1F581FF126138585004AA80B /* Departing_EarthTests.swift */; };
		1F581FFD26138585004AA80B /* Departing_EarthUITests.swift in Sources */ = {isa = PBXBuildFile; fileRef = 1F581FFC26138585004AA80B /* Departing_EarthUITests.swift */; };
		1F58201126138BE4004AA80B /* LaunchLibraryApiClient.swift in Sources */ = {isa = PBXBuildFile; fileRef = 1F58201026138BE4004AA80B /* LaunchLibraryApiClient.swift */; };
		1F58202926147104004AA80B /* UpcomingLaunchApiResponse.swift in Sources */ = {isa = PBXBuildFile; fileRef = 1F58202826147104004AA80B /* UpcomingLaunchApiResponse.swift */; };
		1FB9D051261B716B00648E9D /* LaunchDetailViewController.swift in Sources */ = {isa = PBXBuildFile; fileRef = 1FB9D050261B716B00648E9D /* LaunchDetailViewController.swift */; };
		1FB9D059261B758B00648E9D /* Fonts.swift in Sources */ = {isa = PBXBuildFile; fileRef = 1FB9D058261B758B00648E9D /* Fonts.swift */; };
/* End PBXBuildFile section */

/* Begin PBXContainerItemProxy section */
		1F581FEE26138585004AA80B /* PBXContainerItemProxy */ = {
			isa = PBXContainerItemProxy;
			containerPortal = 1F581FCC26138584004AA80B /* Project object */;
			proxyType = 1;
			remoteGlobalIDString = 1F581FD326138584004AA80B;
			remoteInfo = "Departing Earth";
		};
		1F581FF926138585004AA80B /* PBXContainerItemProxy */ = {
			isa = PBXContainerItemProxy;
			containerPortal = 1F581FCC26138584004AA80B /* Project object */;
			proxyType = 1;
			remoteGlobalIDString = 1F581FD326138584004AA80B;
			remoteInfo = "Departing Earth";
		};
/* End PBXContainerItemProxy section */

/* Begin PBXFileReference section */
		1F03A44726179697005CB48C /* AgencyHelper.swift */ = {isa = PBXFileReference; lastKnownFileType = sourcecode.swift; path = AgencyHelper.swift; sourceTree = "<group>"; };
		1F03A44F26179D85005CB48C /* AgencyDetailAPIResponse.swift */ = {isa = PBXFileReference; lastKnownFileType = sourcecode.swift; path = AgencyDetailAPIResponse.swift; sourceTree = "<group>"; };
		1F2B21282614B6F2001A940D /* UpcomingLaunchesCollectionViewController.swift */ = {isa = PBXFileReference; lastKnownFileType = sourcecode.swift; path = UpcomingLaunchesCollectionViewController.swift; sourceTree = "<group>"; };
		1F2B21332614B9AF001A940D /* UpcomingLaunchCell.swift */ = {isa = PBXFileReference; lastKnownFileType = sourcecode.swift; path = UpcomingLaunchCell.swift; sourceTree = "<group>"; };
		1F2B21432614C5E1001A940D /* LaunchHelper.swift */ = {isa = PBXFileReference; lastKnownFileType = sourcecode.swift; path = LaunchHelper.swift; sourceTree = "<group>"; };
		1F2B21532614EBA9001A940D /* LaunchDateTime.swift */ = {isa = PBXFileReference; lastKnownFileType = sourcecode.swift; path = LaunchDateTime.swift; sourceTree = "<group>"; };
		1F360377261B1A7600099E02 /* Colours.swift */ = {isa = PBXFileReference; lastKnownFileType = sourcecode.swift; path = Colours.swift; sourceTree = "<group>"; };
		1F4F41D326147B97000B9CD9 /* DataController.swift */ = {isa = PBXFileReference; lastKnownFileType = sourcecode.swift; path = DataController.swift; sourceTree = "<group>"; };
		1F581FD426138584004AA80B /* Departing Earth.app */ = {isa = PBXFileReference; explicitFileType = wrapper.application; includeInIndex = 0; path = "Departing Earth.app"; sourceTree = BUILT_PRODUCTS_DIR; };
		1F581FD726138584004AA80B /* AppDelegate.swift */ = {isa = PBXFileReference; lastKnownFileType = sourcecode.swift; path = AppDelegate.swift; sourceTree = "<group>"; };
		1F581FD926138584004AA80B /* SceneDelegate.swift */ = {isa = PBXFileReference; lastKnownFileType = sourcecode.swift; path = SceneDelegate.swift; sourceTree = "<group>"; };
		1F581FDE26138584004AA80B /* Base */ = {isa = PBXFileReference; lastKnownFileType = file.storyboard; name = Base; path = Base.lproj/Main.storyboard; sourceTree = "<group>"; };
		1F581FE126138584004AA80B /* Departing_Earth.xcdatamodel */ = {isa = PBXFileReference; lastKnownFileType = wrapper.xcdatamodel; path = Departing_Earth.xcdatamodel; sourceTree = "<group>"; };
		1F581FE326138585004AA80B /* Assets.xcassets */ = {isa = PBXFileReference; lastKnownFileType = folder.assetcatalog; path = Assets.xcassets; sourceTree = "<group>"; };
		1F581FE626138585004AA80B /* Base */ = {isa = PBXFileReference; lastKnownFileType = file.storyboard; name = Base; path = Base.lproj/LaunchScreen.storyboard; sourceTree = "<group>"; };
		1F581FE826138585004AA80B /* Info.plist */ = {isa = PBXFileReference; lastKnownFileType = text.plist.xml; path = Info.plist; sourceTree = "<group>"; };
		1F581FED26138585004AA80B /* Departing EarthTests.xctest */ = {isa = PBXFileReference; explicitFileType = wrapper.cfbundle; includeInIndex = 0; path = "Departing EarthTests.xctest"; sourceTree = BUILT_PRODUCTS_DIR; };
		1F581FF126138585004AA80B /* Departing_EarthTests.swift */ = {isa = PBXFileReference; lastKnownFileType = sourcecode.swift; path = Departing_EarthTests.swift; sourceTree = "<group>"; };
		1F581FF326138585004AA80B /* Info.plist */ = {isa = PBXFileReference; lastKnownFileType = text.plist.xml; path = Info.plist; sourceTree = "<group>"; };
		1F581FF826138585004AA80B /* Departing EarthUITests.xctest */ = {isa = PBXFileReference; explicitFileType = wrapper.cfbundle; includeInIndex = 0; path = "Departing EarthUITests.xctest"; sourceTree = BUILT_PRODUCTS_DIR; };
		1F581FFC26138585004AA80B /* Departing_EarthUITests.swift */ = {isa = PBXFileReference; lastKnownFileType = sourcecode.swift; path = Departing_EarthUITests.swift; sourceTree = "<group>"; };
		1F581FFE26138585004AA80B /* Info.plist */ = {isa = PBXFileReference; lastKnownFileType = text.plist.xml; path = Info.plist; sourceTree = "<group>"; };
		1F58201026138BE4004AA80B /* LaunchLibraryApiClient.swift */ = {isa = PBXFileReference; lastKnownFileType = sourcecode.swift; path = LaunchLibraryApiClient.swift; sourceTree = "<group>"; };
		1F58202826147104004AA80B /* UpcomingLaunchApiResponse.swift */ = {isa = PBXFileReference; lastKnownFileType = sourcecode.swift; path = UpcomingLaunchApiResponse.swift; sourceTree = "<group>"; };
		1FB9D050261B716B00648E9D /* LaunchDetailViewController.swift */ = {isa = PBXFileReference; lastKnownFileType = sourcecode.swift; path = LaunchDetailViewController.swift; sourceTree = "<group>"; };
		1FB9D058261B758B00648E9D /* Fonts.swift */ = {isa = PBXFileReference; lastKnownFileType = sourcecode.swift; path = Fonts.swift; sourceTree = "<group>"; };
/* End PBXFileReference section */

/* Begin PBXFrameworksBuildPhase section */
		1F581FD126138584004AA80B /* Frameworks */ = {
			isa = PBXFrameworksBuildPhase;
			buildActionMask = 2147483647;
			files = (
			);
			runOnlyForDeploymentPostprocessing = 0;
		};
		1F581FEA26138585004AA80B /* Frameworks */ = {
			isa = PBXFrameworksBuildPhase;
			buildActionMask = 2147483647;
			files = (
			);
			runOnlyForDeploymentPostprocessing = 0;
		};
		1F581FF526138585004AA80B /* Frameworks */ = {
			isa = PBXFrameworksBuildPhase;
			buildActionMask = 2147483647;
			files = (
			);
			runOnlyForDeploymentPostprocessing = 0;
		};
/* End PBXFrameworksBuildPhase section */

/* Begin PBXGroup section */
		1F220C122620B2720065AE41 /* Model Helpers */ = {
			isa = PBXGroup;
			children = (
				1F2B21432614C5E1001A940D /* LaunchHelper.swift */,
				1F03A44726179697005CB48C /* AgencyHelper.swift */,
				1F2B21532614EBA9001A940D /* LaunchDateTime.swift */,
			);
			path = "Model Helpers";
			sourceTree = "<group>";
		};
		1F2B21382614B9B9001A940D /* View */ = {
			isa = PBXGroup;
			children = (
				1F58201626138BFB004AA80B /* Storyboards */,
				1FB9D05D261B7DE000648E9D /* App UI */,
				1F2B21332614B9AF001A940D /* UpcomingLaunchCell.swift */,
			);
			path = View;
			sourceTree = "<group>";
		};
		1F3603702617ACCF00099E02 /* LaunchLibraryResponses */ = {
			isa = PBXGroup;
			children = (
				1F58202826147104004AA80B /* UpcomingLaunchApiResponse.swift */,
				1F03A44F26179D85005CB48C /* AgencyDetailAPIResponse.swift */,
			);
			path = LaunchLibraryResponses;
			sourceTree = "<group>";
		};
		1F4F41D826147CD0000B9CD9 /* App */ = {
			isa = PBXGroup;
			children = (
				1F581FD726138584004AA80B /* AppDelegate.swift */,
				1F581FD926138584004AA80B /* SceneDelegate.swift */,
			);
			path = App;
			sourceTree = "<group>";
		};
		1F581FCB26138584004AA80B = {
			isa = PBXGroup;
			children = (
				1F581FD626138584004AA80B /* Departing Earth */,
				1F581FF026138585004AA80B /* Departing EarthTests */,
				1F581FFB26138585004AA80B /* Departing EarthUITests */,
				1F581FD526138584004AA80B /* Products */,
			);
			sourceTree = "<group>";
		};
		1F581FD526138584004AA80B /* Products */ = {
			isa = PBXGroup;
			children = (
				1F581FD426138584004AA80B /* Departing Earth.app */,
				1F581FED26138585004AA80B /* Departing EarthTests.xctest */,
				1F581FF826138585004AA80B /* Departing EarthUITests.xctest */,
			);
			name = Products;
			sourceTree = "<group>";
		};
		1F581FD626138584004AA80B /* Departing Earth */ = {
			isa = PBXGroup;
			children = (
				1F4F41D826147CD0000B9CD9 /* App */,
				1F58201526138BEC004AA80B /* API Clients */,
				1F58201726138C13004AA80B /* Model */,
				1F220C122620B2720065AE41 /* Model Helpers */,
				1F2B21382614B9B9001A940D /* View */,
				1F58201D26138F8C004AA80B /* Controllers */,
				1F581FE326138585004AA80B /* Assets.xcassets */,
				1F581FE826138585004AA80B /* Info.plist */,
			);
			path = "Departing Earth";
			sourceTree = "<group>";
		};
		1F581FF026138585004AA80B /* Departing EarthTests */ = {
			isa = PBXGroup;
			children = (
				1F581FF126138585004AA80B /* Departing_EarthTests.swift */,
				1F581FF326138585004AA80B /* Info.plist */,
			);
			path = "Departing EarthTests";
			sourceTree = "<group>";
		};
		1F581FFB26138585004AA80B /* Departing EarthUITests */ = {
			isa = PBXGroup;
			children = (
				1F581FFC26138585004AA80B /* Departing_EarthUITests.swift */,
				1F581FFE26138585004AA80B /* Info.plist */,
			);
			path = "Departing EarthUITests";
			sourceTree = "<group>";
		};
		1F58201526138BEC004AA80B /* API Clients */ = {
			isa = PBXGroup;
			children = (
				1F58201026138BE4004AA80B /* LaunchLibraryApiClient.swift */,
				1F3603702617ACCF00099E02 /* LaunchLibraryResponses */,
			);
			path = "API Clients";
			sourceTree = "<group>";
		};
		1F58201626138BFB004AA80B /* Storyboards */ = {
			isa = PBXGroup;
			children = (
				1F581FDD26138584004AA80B /* Main.storyboard */,
				1F581FE526138585004AA80B /* LaunchScreen.storyboard */,
			);
			path = Storyboards;
			sourceTree = "<group>";
		};
		1F58201726138C13004AA80B /* Model */ = {
			isa = PBXGroup;
			children = (
				1F4F41D326147B97000B9CD9 /* DataController.swift */,
				1FB9D061261B7E0D00648E9D /* CoreData */,
			);
			path = Model;
			sourceTree = "<group>";
		};
		1F58201D26138F8C004AA80B /* Controllers */ = {
			isa = PBXGroup;
			children = (
				1F2B21282614B6F2001A940D /* UpcomingLaunchesCollectionViewController.swift */,
				1FB9D050261B716B00648E9D /* LaunchDetailViewController.swift */,
			);
			path = Controllers;
			sourceTree = "<group>";
		};
		1FB9D05D261B7DE000648E9D /* App UI */ = {
			isa = PBXGroup;
			children = (
				1F360377261B1A7600099E02 /* Colours.swift */,
				1FB9D058261B758B00648E9D /* Fonts.swift */,
			);
			path = "App UI";
			sourceTree = "<group>";
		};
		1FB9D061261B7E0D00648E9D /* CoreData */ = {
			isa = PBXGroup;
			children = (
				1F581FE026138584004AA80B /* DepartingEarthDataModel.xcdatamodeld */,
			);
			path = CoreData;
			sourceTree = "<group>";
		};
/* End PBXGroup section */

/* Begin PBXNativeTarget section */
		1F581FD326138584004AA80B /* Departing Earth */ = {
			isa = PBXNativeTarget;
			buildConfigurationList = 1F58200126138585004AA80B /* Build configuration list for PBXNativeTarget "Departing Earth" */;
			buildPhases = (
				1F581FD026138584004AA80B /* Sources */,
				1F581FD126138584004AA80B /* Frameworks */,
				1F581FD226138584004AA80B /* Resources */,
			);
			buildRules = (
			);
			dependencies = (
			);
			name = "Departing Earth";
			productName = "Departing Earth";
			productReference = 1F581FD426138584004AA80B /* Departing Earth.app */;
			productType = "com.apple.product-type.application";
		};
		1F581FEC26138585004AA80B /* Departing EarthTests */ = {
			isa = PBXNativeTarget;
			buildConfigurationList = 1F58200426138585004AA80B /* Build configuration list for PBXNativeTarget "Departing EarthTests" */;
			buildPhases = (
				1F581FE926138585004AA80B /* Sources */,
				1F581FEA26138585004AA80B /* Frameworks */,
				1F581FEB26138585004AA80B /* Resources */,
			);
			buildRules = (
			);
			dependencies = (
				1F581FEF26138585004AA80B /* PBXTargetDependency */,
			);
			name = "Departing EarthTests";
			productName = "Departing EarthTests";
			productReference = 1F581FED26138585004AA80B /* Departing EarthTests.xctest */;
			productType = "com.apple.product-type.bundle.unit-test";
		};
		1F581FF726138585004AA80B /* Departing EarthUITests */ = {
			isa = PBXNativeTarget;
			buildConfigurationList = 1F58200726138585004AA80B /* Build configuration list for PBXNativeTarget "Departing EarthUITests" */;
			buildPhases = (
				1F581FF426138585004AA80B /* Sources */,
				1F581FF526138585004AA80B /* Frameworks */,
				1F581FF626138585004AA80B /* Resources */,
			);
			buildRules = (
			);
			dependencies = (
				1F581FFA26138585004AA80B /* PBXTargetDependency */,
			);
			name = "Departing EarthUITests";
			productName = "Departing EarthUITests";
			productReference = 1F581FF826138585004AA80B /* Departing EarthUITests.xctest */;
			productType = "com.apple.product-type.bundle.ui-testing";
		};
/* End PBXNativeTarget section */

/* Begin PBXProject section */
		1F581FCC26138584004AA80B /* Project object */ = {
			isa = PBXProject;
			attributes = {
				LastSwiftUpdateCheck = 1240;
				LastUpgradeCheck = 1240;
				TargetAttributes = {
					1F581FD326138584004AA80B = {
						CreatedOnToolsVersion = 12.4;
					};
					1F581FEC26138585004AA80B = {
						CreatedOnToolsVersion = 12.4;
						TestTargetID = 1F581FD326138584004AA80B;
					};
					1F581FF726138585004AA80B = {
						CreatedOnToolsVersion = 12.4;
						TestTargetID = 1F581FD326138584004AA80B;
					};
				};
			};
			buildConfigurationList = 1F581FCF26138584004AA80B /* Build configuration list for PBXProject "Departing Earth" */;
			compatibilityVersion = "Xcode 9.3";
			developmentRegion = en;
			hasScannedForEncodings = 0;
			knownRegions = (
				en,
				Base,
			);
			mainGroup = 1F581FCB26138584004AA80B;
			productRefGroup = 1F581FD526138584004AA80B /* Products */;
			projectDirPath = "";
			projectRoot = "";
			targets = (
				1F581FD326138584004AA80B /* Departing Earth */,
				1F581FEC26138585004AA80B /* Departing EarthTests */,
				1F581FF726138585004AA80B /* Departing EarthUITests */,
			);
		};
/* End PBXProject section */

/* Begin PBXResourcesBuildPhase section */
		1F581FD226138584004AA80B /* Resources */ = {
			isa = PBXResourcesBuildPhase;
			buildActionMask = 2147483647;
			files = (
				1F581FE726138585004AA80B /* LaunchScreen.storyboard in Resources */,
				1F581FE426138585004AA80B /* Assets.xcassets in Resources */,
				1F581FDF26138584004AA80B /* Main.storyboard in Resources */,
			);
			runOnlyForDeploymentPostprocessing = 0;
		};
		1F581FEB26138585004AA80B /* Resources */ = {
			isa = PBXResourcesBuildPhase;
			buildActionMask = 2147483647;
			files = (
			);
			runOnlyForDeploymentPostprocessing = 0;
		};
		1F581FF626138585004AA80B /* Resources */ = {
			isa = PBXResourcesBuildPhase;
			buildActionMask = 2147483647;
			files = (
			);
			runOnlyForDeploymentPostprocessing = 0;
		};
/* End PBXResourcesBuildPhase section */

/* Begin PBXSourcesBuildPhase section */
		1F581FD026138584004AA80B /* Sources */ = {
			isa = PBXSourcesBuildPhase;
			buildActionMask = 2147483647;
			files = (
				1F2B21542614EBA9001A940D /* LaunchDateTime.swift in Sources */,
				1FB9D059261B758B00648E9D /* Fonts.swift in Sources */,
				1F2B21292614B6F2001A940D /* UpcomingLaunchesCollectionViewController.swift in Sources */,
				1F4F41D426147B97000B9CD9 /* DataController.swift in Sources */,
				1F58201126138BE4004AA80B /* LaunchLibraryApiClient.swift in Sources */,
				1F581FE226138584004AA80B /* DepartingEarthDataModel.xcdatamodeld in Sources */,
				1F2B21442614C5E1001A940D /* LaunchHelper.swift in Sources */,
				1FB9D051261B716B00648E9D /* LaunchDetailViewController.swift in Sources */,
				1F360378261B1A7600099E02 /* Colours.swift in Sources */,
				1F2B21342614B9AF001A940D /* UpcomingLaunchCell.swift in Sources */,
				1F03A44826179697005CB48C /* AgencyHelper.swift in Sources */,
				1F03A45026179D85005CB48C /* AgencyDetailAPIResponse.swift in Sources */,
				1F581FD826138584004AA80B /* AppDelegate.swift in Sources */,
				1F58202926147104004AA80B /* UpcomingLaunchApiResponse.swift in Sources */,
				1F581FDA26138584004AA80B /* SceneDelegate.swift in Sources */,
			);
			runOnlyForDeploymentPostprocessing = 0;
		};
		1F581FE926138585004AA80B /* Sources */ = {
			isa = PBXSourcesBuildPhase;
			buildActionMask = 2147483647;
			files = (
				1F581FF226138585004AA80B /* Departing_EarthTests.swift in Sources */,
			);
			runOnlyForDeploymentPostprocessing = 0;
		};
		1F581FF426138585004AA80B /* Sources */ = {
			isa = PBXSourcesBuildPhase;
			buildActionMask = 2147483647;
			files = (
				1F581FFD26138585004AA80B /* Departing_EarthUITests.swift in Sources */,
			);
			runOnlyForDeploymentPostprocessing = 0;
		};
/* End PBXSourcesBuildPhase section */

/* Begin PBXTargetDependency section */
		1F581FEF26138585004AA80B /* PBXTargetDependency */ = {
			isa = PBXTargetDependency;
			target = 1F581FD326138584004AA80B /* Departing Earth */;
			targetProxy = 1F581FEE26138585004AA80B /* PBXContainerItemProxy */;
		};
		1F581FFA26138585004AA80B /* PBXTargetDependency */ = {
			isa = PBXTargetDependency;
			target = 1F581FD326138584004AA80B /* Departing Earth */;
			targetProxy = 1F581FF926138585004AA80B /* PBXContainerItemProxy */;
		};
/* End PBXTargetDependency section */

/* Begin PBXVariantGroup section */
		1F581FDD26138584004AA80B /* Main.storyboard */ = {
			isa = PBXVariantGroup;
			children = (
				1F581FDE26138584004AA80B /* Base */,
			);
			name = Main.storyboard;
			sourceTree = "<group>";
		};
		1F581FE526138585004AA80B /* LaunchScreen.storyboard */ = {
			isa = PBXVariantGroup;
			children = (
				1F581FE626138585004AA80B /* Base */,
			);
			name = LaunchScreen.storyboard;
			sourceTree = "<group>";
		};
/* End PBXVariantGroup section */

/* Begin XCBuildConfiguration section */
		1F581FFF26138585004AA80B /* Debug */ = {
			isa = XCBuildConfiguration;
			buildSettings = {
				ALWAYS_SEARCH_USER_PATHS = NO;
				CLANG_ANALYZER_NONNULL = YES;
				CLANG_ANALYZER_NUMBER_OBJECT_CONVERSION = YES_AGGRESSIVE;
				CLANG_CXX_LANGUAGE_STANDARD = "gnu++14";
				CLANG_CXX_LIBRARY = "libc++";
				CLANG_ENABLE_MODULES = YES;
				CLANG_ENABLE_OBJC_ARC = YES;
				CLANG_ENABLE_OBJC_WEAK = YES;
				CLANG_WARN_BLOCK_CAPTURE_AUTORELEASING = YES;
				CLANG_WARN_BOOL_CONVERSION = YES;
				CLANG_WARN_COMMA = YES;
				CLANG_WARN_CONSTANT_CONVERSION = YES;
				CLANG_WARN_DEPRECATED_OBJC_IMPLEMENTATIONS = YES;
				CLANG_WARN_DIRECT_OBJC_ISA_USAGE = YES_ERROR;
				CLANG_WARN_DOCUMENTATION_COMMENTS = YES;
				CLANG_WARN_EMPTY_BODY = YES;
				CLANG_WARN_ENUM_CONVERSION = YES;
				CLANG_WARN_INFINITE_RECURSION = YES;
				CLANG_WARN_INT_CONVERSION = YES;
				CLANG_WARN_NON_LITERAL_NULL_CONVERSION = YES;
				CLANG_WARN_OBJC_IMPLICIT_RETAIN_SELF = YES;
				CLANG_WARN_OBJC_LITERAL_CONVERSION = YES;
				CLANG_WARN_OBJC_ROOT_CLASS = YES_ERROR;
				CLANG_WARN_QUOTED_INCLUDE_IN_FRAMEWORK_HEADER = YES;
				CLANG_WARN_RANGE_LOOP_ANALYSIS = YES;
				CLANG_WARN_STRICT_PROTOTYPES = YES;
				CLANG_WARN_SUSPICIOUS_MOVE = YES;
				CLANG_WARN_UNGUARDED_AVAILABILITY = YES_AGGRESSIVE;
				CLANG_WARN_UNREACHABLE_CODE = YES;
				CLANG_WARN__DUPLICATE_METHOD_MATCH = YES;
				COPY_PHASE_STRIP = NO;
				DEBUG_INFORMATION_FORMAT = dwarf;
				ENABLE_STRICT_OBJC_MSGSEND = YES;
				ENABLE_TESTABILITY = YES;
				GCC_C_LANGUAGE_STANDARD = gnu11;
				GCC_DYNAMIC_NO_PIC = NO;
				GCC_NO_COMMON_BLOCKS = YES;
				GCC_OPTIMIZATION_LEVEL = 0;
				GCC_PREPROCESSOR_DEFINITIONS = (
					"DEBUG=1",
					"$(inherited)",
				);
				GCC_WARN_64_TO_32_BIT_CONVERSION = YES;
				GCC_WARN_ABOUT_RETURN_TYPE = YES_ERROR;
				GCC_WARN_UNDECLARED_SELECTOR = YES;
				GCC_WARN_UNINITIALIZED_AUTOS = YES_AGGRESSIVE;
				GCC_WARN_UNUSED_FUNCTION = YES;
				GCC_WARN_UNUSED_VARIABLE = YES;
				IPHONEOS_DEPLOYMENT_TARGET = 14.4;
				MTL_ENABLE_DEBUG_INFO = INCLUDE_SOURCE;
				MTL_FAST_MATH = YES;
				ONLY_ACTIVE_ARCH = YES;
				SDKROOT = iphoneos;
				SWIFT_ACTIVE_COMPILATION_CONDITIONS = DEBUG;
				SWIFT_OPTIMIZATION_LEVEL = "-Onone";
			};
			name = Debug;
		};
		1F58200026138585004AA80B /* Release */ = {
			isa = XCBuildConfiguration;
			buildSettings = {
				ALWAYS_SEARCH_USER_PATHS = NO;
				CLANG_ANALYZER_NONNULL = YES;
				CLANG_ANALYZER_NUMBER_OBJECT_CONVERSION = YES_AGGRESSIVE;
				CLANG_CXX_LANGUAGE_STANDARD = "gnu++14";
				CLANG_CXX_LIBRARY = "libc++";
				CLANG_ENABLE_MODULES = YES;
				CLANG_ENABLE_OBJC_ARC = YES;
				CLANG_ENABLE_OBJC_WEAK = YES;
				CLANG_WARN_BLOCK_CAPTURE_AUTORELEASING = YES;
				CLANG_WARN_BOOL_CONVERSION = YES;
				CLANG_WARN_COMMA = YES;
				CLANG_WARN_CONSTANT_CONVERSION = YES;
				CLANG_WARN_DEPRECATED_OBJC_IMPLEMENTATIONS = YES;
				CLANG_WARN_DIRECT_OBJC_ISA_USAGE = YES_ERROR;
				CLANG_WARN_DOCUMENTATION_COMMENTS = YES;
				CLANG_WARN_EMPTY_BODY = YES;
				CLANG_WARN_ENUM_CONVERSION = YES;
				CLANG_WARN_INFINITE_RECURSION = YES;
				CLANG_WARN_INT_CONVERSION = YES;
				CLANG_WARN_NON_LITERAL_NULL_CONVERSION = YES;
				CLANG_WARN_OBJC_IMPLICIT_RETAIN_SELF = YES;
				CLANG_WARN_OBJC_LITERAL_CONVERSION = YES;
				CLANG_WARN_OBJC_ROOT_CLASS = YES_ERROR;
				CLANG_WARN_QUOTED_INCLUDE_IN_FRAMEWORK_HEADER = YES;
				CLANG_WARN_RANGE_LOOP_ANALYSIS = YES;
				CLANG_WARN_STRICT_PROTOTYPES = YES;
				CLANG_WARN_SUSPICIOUS_MOVE = YES;
				CLANG_WARN_UNGUARDED_AVAILABILITY = YES_AGGRESSIVE;
				CLANG_WARN_UNREACHABLE_CODE = YES;
				CLANG_WARN__DUPLICATE_METHOD_MATCH = YES;
				COPY_PHASE_STRIP = NO;
				DEBUG_INFORMATION_FORMAT = "dwarf-with-dsym";
				ENABLE_NS_ASSERTIONS = NO;
				ENABLE_STRICT_OBJC_MSGSEND = YES;
				GCC_C_LANGUAGE_STANDARD = gnu11;
				GCC_NO_COMMON_BLOCKS = YES;
				GCC_WARN_64_TO_32_BIT_CONVERSION = YES;
				GCC_WARN_ABOUT_RETURN_TYPE = YES_ERROR;
				GCC_WARN_UNDECLARED_SELECTOR = YES;
				GCC_WARN_UNINITIALIZED_AUTOS = YES_AGGRESSIVE;
				GCC_WARN_UNUSED_FUNCTION = YES;
				GCC_WARN_UNUSED_VARIABLE = YES;
				IPHONEOS_DEPLOYMENT_TARGET = 14.4;
				MTL_ENABLE_DEBUG_INFO = NO;
				MTL_FAST_MATH = YES;
				SDKROOT = iphoneos;
				SWIFT_COMPILATION_MODE = wholemodule;
				SWIFT_OPTIMIZATION_LEVEL = "-O";
				VALIDATE_PRODUCT = YES;
			};
			name = Release;
		};
		1F58200226138585004AA80B /* Debug */ = {
			isa = XCBuildConfiguration;
			buildSettings = {
				ASSETCATALOG_COMPILER_APPICON_NAME = AppIcon;
				ASSETCATALOG_COMPILER_GLOBAL_ACCENT_COLOR_NAME = AccentColor;
				CODE_SIGN_STYLE = Automatic;
				DEVELOPMENT_TEAM = MVA5U2HB2L;
				INFOPLIST_FILE = "Departing Earth/Info.plist";
				LD_RUNPATH_SEARCH_PATHS = (
					"$(inherited)",
					"@executable_path/Frameworks",
				);
				PRODUCT_BUNDLE_IDENTIFIER = "com.matthewfolbigg.Departing-Earth";
				PRODUCT_NAME = "$(TARGET_NAME)";
				SWIFT_VERSION = 5.0;
				TARGETED_DEVICE_FAMILY = "1,2";
			};
			name = Debug;
		};
		1F58200326138585004AA80B /* Release */ = {
			isa = XCBuildConfiguration;
			buildSettings = {
				ASSETCATALOG_COMPILER_APPICON_NAME = AppIcon;
				ASSETCATALOG_COMPILER_GLOBAL_ACCENT_COLOR_NAME = AccentColor;
				CODE_SIGN_STYLE = Automatic;
				DEVELOPMENT_TEAM = MVA5U2HB2L;
				INFOPLIST_FILE = "Departing Earth/Info.plist";
				LD_RUNPATH_SEARCH_PATHS = (
					"$(inherited)",
					"@executable_path/Frameworks",
				);
				PRODUCT_BUNDLE_IDENTIFIER = "com.matthewfolbigg.Departing-Earth";
				PRODUCT_NAME = "$(TARGET_NAME)";
				SWIFT_VERSION = 5.0;
				TARGETED_DEVICE_FAMILY = "1,2";
			};
			name = Release;
		};
		1F58200526138585004AA80B /* Debug */ = {
			isa = XCBuildConfiguration;
			buildSettings = {
				ALWAYS_EMBED_SWIFT_STANDARD_LIBRARIES = YES;
				BUNDLE_LOADER = "$(TEST_HOST)";
				CODE_SIGN_STYLE = Automatic;
				DEVELOPMENT_TEAM = MVA5U2HB2L;
				INFOPLIST_FILE = "Departing EarthTests/Info.plist";
				IPHONEOS_DEPLOYMENT_TARGET = 14.4;
				LD_RUNPATH_SEARCH_PATHS = (
					"$(inherited)",
					"@executable_path/Frameworks",
					"@loader_path/Frameworks",
				);
				PRODUCT_BUNDLE_IDENTIFIER = "com.matthewfolbigg.Departing-EarthTests";
				PRODUCT_NAME = "$(TARGET_NAME)";
				SWIFT_VERSION = 5.0;
				TARGETED_DEVICE_FAMILY = "1,2";
				TEST_HOST = "$(BUILT_PRODUCTS_DIR)/Departing Earth.app/Departing Earth";
			};
			name = Debug;
		};
		1F58200626138585004AA80B /* Release */ = {
			isa = XCBuildConfiguration;
			buildSettings = {
				ALWAYS_EMBED_SWIFT_STANDARD_LIBRARIES = YES;
				BUNDLE_LOADER = "$(TEST_HOST)";
				CODE_SIGN_STYLE = Automatic;
				DEVELOPMENT_TEAM = MVA5U2HB2L;
				INFOPLIST_FILE = "Departing EarthTests/Info.plist";
				IPHONEOS_DEPLOYMENT_TARGET = 14.4;
				LD_RUNPATH_SEARCH_PATHS = (
					"$(inherited)",
					"@executable_path/Frameworks",
					"@loader_path/Frameworks",
				);
				PRODUCT_BUNDLE_IDENTIFIER = "com.matthewfolbigg.Departing-EarthTests";
				PRODUCT_NAME = "$(TARGET_NAME)";
				SWIFT_VERSION = 5.0;
				TARGETED_DEVICE_FAMILY = "1,2";
				TEST_HOST = "$(BUILT_PRODUCTS_DIR)/Departing Earth.app/Departing Earth";
			};
			name = Release;
		};
		1F58200826138585004AA80B /* Debug */ = {
			isa = XCBuildConfiguration;
			buildSettings = {
				ALWAYS_EMBED_SWIFT_STANDARD_LIBRARIES = YES;
				CODE_SIGN_STYLE = Automatic;
				DEVELOPMENT_TEAM = MVA5U2HB2L;
				INFOPLIST_FILE = "Departing EarthUITests/Info.plist";
				LD_RUNPATH_SEARCH_PATHS = (
					"$(inherited)",
					"@executable_path/Frameworks",
					"@loader_path/Frameworks",
				);
				PRODUCT_BUNDLE_IDENTIFIER = "com.matthewfolbigg.Departing-EarthUITests";
				PRODUCT_NAME = "$(TARGET_NAME)";
				SWIFT_VERSION = 5.0;
				TARGETED_DEVICE_FAMILY = "1,2";
				TEST_TARGET_NAME = "Departing Earth";
			};
			name = Debug;
		};
		1F58200926138585004AA80B /* Release */ = {
			isa = XCBuildConfiguration;
			buildSettings = {
				ALWAYS_EMBED_SWIFT_STANDARD_LIBRARIES = YES;
				CODE_SIGN_STYLE = Automatic;
				DEVELOPMENT_TEAM = MVA5U2HB2L;
				INFOPLIST_FILE = "Departing EarthUITests/Info.plist";
				LD_RUNPATH_SEARCH_PATHS = (
					"$(inherited)",
					"@executable_path/Frameworks",
					"@loader_path/Frameworks",
				);
				PRODUCT_BUNDLE_IDENTIFIER = "com.matthewfolbigg.Departing-EarthUITests";
				PRODUCT_NAME = "$(TARGET_NAME)";
				SWIFT_VERSION = 5.0;
				TARGETED_DEVICE_FAMILY = "1,2";
				TEST_TARGET_NAME = "Departing Earth";
			};
			name = Release;
		};
/* End XCBuildConfiguration section */

/* Begin XCConfigurationList section */
		1F581FCF26138584004AA80B /* Build configuration list for PBXProject "Departing Earth" */ = {
			isa = XCConfigurationList;
			buildConfigurations = (
				1F581FFF26138585004AA80B /* Debug */,
				1F58200026138585004AA80B /* Release */,
			);
			defaultConfigurationIsVisible = 0;
			defaultConfigurationName = Release;
		};
		1F58200126138585004AA80B /* Build configuration list for PBXNativeTarget "Departing Earth" */ = {
			isa = XCConfigurationList;
			buildConfigurations = (
				1F58200226138585004AA80B /* Debug */,
				1F58200326138585004AA80B /* Release */,
			);
			defaultConfigurationIsVisible = 0;
			defaultConfigurationName = Release;
		};
		1F58200426138585004AA80B /* Build configuration list for PBXNativeTarget "Departing EarthTests" */ = {
			isa = XCConfigurationList;
			buildConfigurations = (
				1F58200526138585004AA80B /* Debug */,
				1F58200626138585004AA80B /* Release */,
			);
			defaultConfigurationIsVisible = 0;
			defaultConfigurationName = Release;
		};
		1F58200726138585004AA80B /* Build configuration list for PBXNativeTarget "Departing EarthUITests" */ = {
			isa = XCConfigurationList;
			buildConfigurations = (
				1F58200826138585004AA80B /* Debug */,
				1F58200926138585004AA80B /* Release */,
			);
			defaultConfigurationIsVisible = 0;
			defaultConfigurationName = Release;
		};
/* End XCConfigurationList section */

/* Begin XCVersionGroup section */
		1F581FE026138584004AA80B /* DepartingEarthDataModel.xcdatamodeld */ = {
			isa = XCVersionGroup;
			children = (
				1F581FE126138584004AA80B /* Departing_Earth.xcdatamodel */,
			);
			currentVersion = 1F581FE126138584004AA80B /* Departing_Earth.xcdatamodel */;
			path = DepartingEarthDataModel.xcdatamodeld;
			sourceTree = "<group>";
			versionGroupType = wrapper.xcdatamodel;
		};
/* End XCVersionGroup section */
	};
	rootObject = 1F581FCC26138584004AA80B /* Project object */;
}
